
Microsoft Visual Studio Solution File, Format Version 12.00
# Visual Studio Version 17
VisualStudioVersion = 17.3.32825.248
MinimumVisualStudioVersion = 10.0.40219.1
Project("{FAE04EC0-301F-11D3-BF4B-00C04F79EFBC}") = "Q4-FindDuplicatedInArray", "Q4-FindDuplicatedInArray.csproj", "{2C526118-688F-4227-AF2D-2CB43EFB035B}"
EndProject
Global
	GlobalSection(SolutionConfigurationPlatforms) = preSolution
		Debug|Any CPU = Debug|Any CPU
		Release|Any CPU = Release|Any CPU
	EndGlobalSection
	GlobalSection(ProjectConfigurationPlatforms) = postSolution
		{2C526118-688F-4227-AF2D-2CB43EFB035B}.Debug|Any CPU.ActiveCfg = Debug|Any CPU
		{2C526118-688F-4227-AF2D-2CB43EFB035B}.Debug|Any CPU.Build.0 = Debug|Any CPU
		{2C526118-688F-4227-AF2D-2CB43EFB035B}.Release|Any CPU.ActiveCfg = Release|Any CPU
		{2C526118-688F-4227-AF2D-2CB43EFB035B}.Release|Any CPU.Build.0 = Release|Any CPU
	EndGlobalSection
	GlobalSection(SolutionProperties) = preSolution
		HideSolutionNode = FALSE
	EndGlobalSection
	GlobalSection(ExtensibilityGlobals) = postSolution
		SolutionGuid = {4F79FA3D-DC13-4D9C-A506-4C402F79BA11}
	EndGlobalSection
EndGlobal
