
Microsoft Visual Studio Solution File, Format Version 12.00
# Visual Studio Version 17
VisualStudioVersion = 17.3.32825.248
MinimumVisualStudioVersion = 10.0.40219.1
Project("{FAE04EC0-301F-11D3-BF4B-00C04F79EFBC}") = "Bubble Sort", "Bubble Sort.csproj", "{B0D1B55D-2C90-4523-B206-E5DEE70A848E}"
EndProject
Global
	GlobalSection(SolutionConfigurationPlatforms) = preSolution
		Debug|Any CPU = Debug|Any CPU
		Release|Any CPU = Release|Any CPU
	EndGlobalSection
	GlobalSection(ProjectConfigurationPlatforms) = postSolution
		{B0D1B55D-2C90-4523-B206-E5DEE70A848E}.Debug|Any CPU.ActiveCfg = Debug|Any CPU
		{B0D1B55D-2C90-4523-B206-E5DEE70A848E}.Debug|Any CPU.Build.0 = Debug|Any CPU
		{B0D1B55D-2C90-4523-B206-E5DEE70A848E}.Release|Any CPU.ActiveCfg = Release|Any CPU
		{B0D1B55D-2C90-4523-B206-E5DEE70A848E}.Release|Any CPU.Build.0 = Release|Any CPU
	EndGlobalSection
	GlobalSection(SolutionProperties) = preSolution
		HideSolutionNode = FALSE
	EndGlobalSection
	GlobalSection(ExtensibilityGlobals) = postSolution
		SolutionGuid = {C4364666-BF33-4A0F-8409-0CD37B0F6D4C}
	EndGlobalSection
EndGlobal
