
Microsoft Visual Studio Solution File, Format Version 12.00
# Visual Studio Version 17
VisualStudioVersion = 17.3.32825.248
MinimumVisualStudioVersion = 10.0.40219.1
Project("{FAE04EC0-301F-11D3-BF4B-00C04F79EFBC}") = "BinarySearch", "BinarySearch.csproj", "{CD2D5BAF-B02C-45A9-8E20-44B5D263E41F}"
EndProject
Global
	GlobalSection(SolutionConfigurationPlatforms) = preSolution
		Debug|Any CPU = Debug|Any CPU
		Release|Any CPU = Release|Any CPU
	EndGlobalSection
	GlobalSection(ProjectConfigurationPlatforms) = postSolution
		{CD2D5BAF-B02C-45A9-8E20-44B5D263E41F}.Debug|Any CPU.ActiveCfg = Debug|Any CPU
		{CD2D5BAF-B02C-45A9-8E20-44B5D263E41F}.Debug|Any CPU.Build.0 = Debug|Any CPU
		{CD2D5BAF-B02C-45A9-8E20-44B5D263E41F}.Release|Any CPU.ActiveCfg = Release|Any CPU
		{CD2D5BAF-B02C-45A9-8E20-44B5D263E41F}.Release|Any CPU.Build.0 = Release|Any CPU
	EndGlobalSection
	GlobalSection(SolutionProperties) = preSolution
		HideSolutionNode = FALSE
	EndGlobalSection
	GlobalSection(ExtensibilityGlobals) = postSolution
		SolutionGuid = {BE2438E6-BF01-4970-A579-36B1D16B34EB}
	EndGlobalSection
EndGlobal
