
Microsoft Visual Studio Solution File, Format Version 12.00
# Visual Studio Version 17
VisualStudioVersion = 17.3.32825.248
MinimumVisualStudioVersion = 10.0.40219.1
Project("{FAE04EC0-301F-11D3-BF4B-00C04F79EFBC}") = "Q5-Find element in a array of infinite numbers", "Q5-Find element in a array of infinite numbers.csproj", "{DCB7FC7B-A41C-4E5A-942F-A300EFCE4983}"
EndProject
Global
	GlobalSection(SolutionConfigurationPlatforms) = preSolution
		Debug|Any CPU = Debug|Any CPU
		Release|Any CPU = Release|Any CPU
	EndGlobalSection
	GlobalSection(ProjectConfigurationPlatforms) = postSolution
		{DCB7FC7B-A41C-4E5A-942F-A300EFCE4983}.Debug|Any CPU.ActiveCfg = Debug|Any CPU
		{DCB7FC7B-A41C-4E5A-942F-A300EFCE4983}.Debug|Any CPU.Build.0 = Debug|Any CPU
		{DCB7FC7B-A41C-4E5A-942F-A300EFCE4983}.Release|Any CPU.ActiveCfg = Release|Any CPU
		{DCB7FC7B-A41C-4E5A-942F-A300EFCE4983}.Release|Any CPU.Build.0 = Release|Any CPU
	EndGlobalSection
	GlobalSection(SolutionProperties) = preSolution
		HideSolutionNode = FALSE
	EndGlobalSection
	GlobalSection(ExtensibilityGlobals) = postSolution
		SolutionGuid = {F1910B34-325A-4697-BFA6-8A9F307EF5DE}
	EndGlobalSection
EndGlobal
